
Microsoft Visual Studio Solution File, Format Version 12.00
# Visual Studio Version 16
VisualStudioVersion = 16.0.30114.105
MinimumVisualStudioVersion = 10.0.40219.1
Project("{FAE04EC0-301F-11D3-BF4B-00C04F79EFBC}") = "NRedisStack", "src\NRedisStack\NRedisStack.csproj", "{6F5E84A5-DFC1-4747-AF7D-97BDAFA9102D}"
EndProject
Project("{FAE04EC0-301F-11D3-BF4B-00C04F79EFBC}") = "NRedisStack.Tests", "tests\NRedisStack.Tests\NRedisStack.Tests.csproj", "{73B56C35-BC92-4ACD-B077-7D55CD67B95F}"
EndProject
Project("{FAE04EC0-301F-11D3-BF4B-00C04F79EFBC}") = "Doc", "tests\Doc\Doc.csproj", "{F14F6342-14A0-4DDD-AB05-C425B1AD8001}"
EndProject
Project("{2150E333-8FDC-42A3-9474-1A3956D46DE8}") = "Build", "Build", "{84D6210F-9A65-427A-965F-57E7B76424AB}"
	ProjectSection(SolutionItems) = preProject
		Directory.Build.props = Directory.Build.props
		Directory.Packages.props = Directory.Packages.props
		global.json = global.json
		version.json = version.json
		tests\dockers\docker-compose.yml = tests\dockers\docker-compose.yml
	EndProjectSection
EndProject
Project("{FAE04EC0-301F-11D3-BF4B-00C04F79EFBC}") = "docs", "docs\docs.csproj", "{4A35FC3C-69BC-4BDB-A4B2-6BFD0DF215AD}"
EndProject
Global
	GlobalSection(SolutionConfigurationPlatforms) = preSolution
		Debug|Any CPU = Debug|Any CPU
		Release|Any CPU = Release|Any CPU
	EndGlobalSection
	GlobalSection(SolutionProperties) = preSolution
		HideSolutionNode = FALSE
	EndGlobalSection
	GlobalSection(ProjectConfigurationPlatforms) = postSolution
		{6F5E84A5-DFC1-4747-AF7D-97BDAFA9102D}.Debug|Any CPU.ActiveCfg = Debug|Any CPU
		{6F5E84A5-DFC1-4747-AF7D-97BDAFA9102D}.Debug|Any CPU.Build.0 = Debug|Any CPU
		{6F5E84A5-DFC1-4747-AF7D-97BDAFA9102D}.Release|Any CPU.ActiveCfg = Release|Any CPU
		{6F5E84A5-DFC1-4747-AF7D-97BDAFA9102D}.Release|Any CPU.Build.0 = Release|Any CPU
		{73B56C35-BC92-4ACD-B077-7D55CD67B95F}.Debug|Any CPU.ActiveCfg = Debug|Any CPU
		{73B56C35-BC92-4ACD-B077-7D55CD67B95F}.Debug|Any CPU.Build.0 = Debug|Any CPU
		{73B56C35-BC92-4ACD-B077-7D55CD67B95F}.Release|Any CPU.ActiveCfg = Release|Any CPU
		{73B56C35-BC92-4ACD-B077-7D55CD67B95F}.Release|Any CPU.Build.0 = Release|Any CPU
		{F14F6342-14A0-4DDD-AB05-C425B1AD8001}.Debug|Any CPU.ActiveCfg = Debug|Any CPU
		{F14F6342-14A0-4DDD-AB05-C425B1AD8001}.Debug|Any CPU.Build.0 = Debug|Any CPU
		{F14F6342-14A0-4DDD-AB05-C425B1AD8001}.Release|Any CPU.ActiveCfg = Release|Any CPU
		{F14F6342-14A0-4DDD-AB05-C425B1AD8001}.Release|Any CPU.Build.0 = Release|Any CPU
		{4A35FC3C-69BC-4BDB-A4B2-6BFD0DF215AD}.Debug|Any CPU.ActiveCfg = Debug|Any CPU
		{4A35FC3C-69BC-4BDB-A4B2-6BFD0DF215AD}.Debug|Any CPU.Build.0 = Debug|Any CPU
		{4A35FC3C-69BC-4BDB-A4B2-6BFD0DF215AD}.Release|Any CPU.ActiveCfg = Release|Any CPU
		{4A35FC3C-69BC-4BDB-A4B2-6BFD0DF215AD}.Release|Any CPU.Build.0 = Release|Any CPU
	EndGlobalSection
EndGlobal
