
Microsoft Visual Studio Solution File, Format Version 12.00
# Visual Studio Version 16
VisualStudioVersion = 16.0.30114.105
MinimumVisualStudioVersion = 10.0.40219.1
Project("{FAE04EC0-301F-11D3-BF4B-00C04F79EFBC}") = "RediSharp.Core", "src\RediSharp.Core\RediSharp.Core.csproj", "{6F5E84A5-DFC1-4747-AF7D-97BDAFA9102D}"
EndProject
Project("{FAE04EC0-301F-11D3-BF4B-00C04F79EFBC}") = "RediSharp.Tests", "tests\RediSharp.Tests\RediSharp.Tests.csproj", "{73B56C35-BC92-4ACD-B077-7D55CD67B95F}"
EndProject
Global
	GlobalSection(SolutionConfigurationPlatforms) = preSolution
		Debug|Any CPU = Debug|Any CPU
		Release|Any CPU = Release|Any CPU
	EndGlobalSection
	GlobalSection(SolutionProperties) = preSolution
		HideSolutionNode = FALSE
	EndGlobalSection
	GlobalSection(ProjectConfigurationPlatforms) = postSolution
		{6F5E84A5-DFC1-4747-AF7D-97BDAFA9102D}.Debug|Any CPU.ActiveCfg = Debug|Any CPU
		{6F5E84A5-DFC1-4747-AF7D-97BDAFA9102D}.Debug|Any CPU.Build.0 = Debug|Any CPU
		{6F5E84A5-DFC1-4747-AF7D-97BDAFA9102D}.Release|Any CPU.ActiveCfg = Release|Any CPU
		{6F5E84A5-DFC1-4747-AF7D-97BDAFA9102D}.Release|Any CPU.Build.0 = Release|Any CPU
		{73B56C35-BC92-4ACD-B077-7D55CD67B95F}.Debug|Any CPU.ActiveCfg = Debug|Any CPU
		{73B56C35-BC92-4ACD-B077-7D55CD67B95F}.Debug|Any CPU.Build.0 = Debug|Any CPU
		{73B56C35-BC92-4ACD-B077-7D55CD67B95F}.Release|Any CPU.ActiveCfg = Release|Any CPU
		{73B56C35-BC92-4ACD-B077-7D55CD67B95F}.Release|Any CPU.Build.0 = Release|Any CPU
	EndGlobalSection
EndGlobal
